
Microsoft Visual Studio Solution File, Format Version 12.00
# Visual Studio Version 16
VisualStudioVersion = 16.0.31424.327
MinimumVisualStudioVersion = 10.0.40219.1
Project("{9A19103F-16F7-4668-BE54-9A1E7A4F7556}") = "MemeGame", "MemeGame\MemeGame.csproj", "{C66A1561-E637-4EB0-AA0D-CE1C1B3C6718}"
EndProject
Project("{9A19103F-16F7-4668-BE54-9A1E7A4F7556}") = "MemeGame.DB", "MemeGame.DB\MemeGame.DB.csproj", "{D2DCE211-9745-417A-96AA-66EB91DD6D09}"
EndProject
Project("{9A19103F-16F7-4668-BE54-9A1E7A4F7556}") = "MemeGame.DB.Test", "MemeGame.DB.Test\MemeGame.DB.Test.csproj", "{43B89396-E2B3-41A0-B4E4-5FDE9A5C95A0}"
EndProject
Project("{9A19103F-16F7-4668-BE54-9A1E7A4F7556}") = "MemeGame.Storage", "MemeGame.Storage\MemeGame.Storage.csproj", "{5256EBDC-EFB7-4A04-BE78-C50E38AB29CB}"
EndProject
Project("{FAE04EC0-301F-11D3-BF4B-00C04F79EFBC}") = "MemeGame.Storage.Test", "MemeGame.Storage.Test\MemeGame.Storage.Test.csproj", "{2C3ECA46-C39E-4F3D-9590-689E16C4B8D9}"
EndProject
Global
	GlobalSection(SolutionConfigurationPlatforms) = preSolution
		Debug|Any CPU = Debug|Any CPU
		Release|Any CPU = Release|Any CPU
	EndGlobalSection
	GlobalSection(ProjectConfigurationPlatforms) = postSolution
		{C66A1561-E637-4EB0-AA0D-CE1C1B3C6718}.Debug|Any CPU.ActiveCfg = Debug|Any CPU
		{C66A1561-E637-4EB0-AA0D-CE1C1B3C6718}.Debug|Any CPU.Build.0 = Debug|Any CPU
		{C66A1561-E637-4EB0-AA0D-CE1C1B3C6718}.Release|Any CPU.ActiveCfg = Release|Any CPU
		{C66A1561-E637-4EB0-AA0D-CE1C1B3C6718}.Release|Any CPU.Build.0 = Release|Any CPU
		{D2DCE211-9745-417A-96AA-66EB91DD6D09}.Debug|Any CPU.ActiveCfg = Debug|Any CPU
		{D2DCE211-9745-417A-96AA-66EB91DD6D09}.Debug|Any CPU.Build.0 = Debug|Any CPU
		{D2DCE211-9745-417A-96AA-66EB91DD6D09}.Release|Any CPU.ActiveCfg = Release|Any CPU
		{D2DCE211-9745-417A-96AA-66EB91DD6D09}.Release|Any CPU.Build.0 = Release|Any CPU
		{43B89396-E2B3-41A0-B4E4-5FDE9A5C95A0}.Debug|Any CPU.ActiveCfg = Debug|Any CPU
		{43B89396-E2B3-41A0-B4E4-5FDE9A5C95A0}.Debug|Any CPU.Build.0 = Debug|Any CPU
		{43B89396-E2B3-41A0-B4E4-5FDE9A5C95A0}.Release|Any CPU.ActiveCfg = Release|Any CPU
		{43B89396-E2B3-41A0-B4E4-5FDE9A5C95A0}.Release|Any CPU.Build.0 = Release|Any CPU
		{5256EBDC-EFB7-4A04-BE78-C50E38AB29CB}.Debug|Any CPU.ActiveCfg = Debug|Any CPU
		{5256EBDC-EFB7-4A04-BE78-C50E38AB29CB}.Debug|Any CPU.Build.0 = Debug|Any CPU
		{5256EBDC-EFB7-4A04-BE78-C50E38AB29CB}.Release|Any CPU.ActiveCfg = Release|Any CPU
		{5256EBDC-EFB7-4A04-BE78-C50E38AB29CB}.Release|Any CPU.Build.0 = Release|Any CPU
		{2C3ECA46-C39E-4F3D-9590-689E16C4B8D9}.Debug|Any CPU.ActiveCfg = Debug|Any CPU
		{2C3ECA46-C39E-4F3D-9590-689E16C4B8D9}.Debug|Any CPU.Build.0 = Debug|Any CPU
		{2C3ECA46-C39E-4F3D-9590-689E16C4B8D9}.Release|Any CPU.ActiveCfg = Release|Any CPU
		{2C3ECA46-C39E-4F3D-9590-689E16C4B8D9}.Release|Any CPU.Build.0 = Release|Any CPU
	EndGlobalSection
	GlobalSection(SolutionProperties) = preSolution
		HideSolutionNode = FALSE
	EndGlobalSection
	GlobalSection(ExtensibilityGlobals) = postSolution
		SolutionGuid = {1BB08B43-828D-46B6-B267-8D4AA38F0915}
	EndGlobalSection
EndGlobal
