
Microsoft Visual Studio Solution File, Format Version 12.00
# Visual Studio Version 16
VisualStudioVersion = 16.0.31424.327
MinimumVisualStudioVersion = 10.0.40219.1
Project("{FAE04EC0-301F-11D3-BF4B-00C04F79EFBC}") = "MemeGame", "MemeGame\MemeGame.csproj", "{C66A1561-E637-4EB0-AA0D-CE1C1B3C6718}"
EndProject
Global
	GlobalSection(SolutionConfigurationPlatforms) = preSolution
		Debug|Any CPU = Debug|Any CPU
		Release|Any CPU = Release|Any CPU
	EndGlobalSection
	GlobalSection(ProjectConfigurationPlatforms) = postSolution
		{C66A1561-E637-4EB0-AA0D-CE1C1B3C6718}.Debug|Any CPU.ActiveCfg = Debug|Any CPU
		{C66A1561-E637-4EB0-AA0D-CE1C1B3C6718}.Debug|Any CPU.Build.0 = Debug|Any CPU
		{C66A1561-E637-4EB0-AA0D-CE1C1B3C6718}.Release|Any CPU.ActiveCfg = Release|Any CPU
		{C66A1561-E637-4EB0-AA0D-CE1C1B3C6718}.Release|Any CPU.Build.0 = Release|Any CPU
	EndGlobalSection
	GlobalSection(SolutionProperties) = preSolution
		HideSolutionNode = FALSE
	EndGlobalSection
	GlobalSection(ExtensibilityGlobals) = postSolution
		SolutionGuid = {1BB08B43-828D-46B6-B267-8D4AA38F0915}
	EndGlobalSection
EndGlobal
